
Microsoft Visual Studio Solution File, Format Version 12.00
# Visual Studio 2013
VisualStudioVersion = 12.0.21005.1
MinimumVisualStudioVersion = 10.0.40219.1
Project("{FAE04EC0-301F-11D3-BF4B-00C04F79EFBC}") = "Mvc_Qdis", "Mvc_Qdis\Mvc_Qdis.csproj", "{2B4457F3-31D5-49A1-9D4F-4CA29EB4271A}"
EndProject
Project("{FAE04EC0-301F-11D3-BF4B-00C04F79EFBC}") = "Mvc_Qdis.Tests", "Mvc_Qdis.Tests\Mvc_Qdis.Tests.csproj", "{6E91D1AE-E899-405D-9DA3-DF76930A7679}"
EndProject
Project("{FAE04EC0-301F-11D3-BF4B-00C04F79EFBC}") = "IBatis.Model", "IBatis.Model\IBatis.Model.csproj", "{8A030742-9147-47FA-B87F-9FCB500521FF}"
EndProject
Global
	GlobalSection(SolutionConfigurationPlatforms) = preSolution
		Debug|Any CPU = Debug|Any CPU
		Release|Any CPU = Release|Any CPU
	EndGlobalSection
	GlobalSection(ProjectConfigurationPlatforms) = postSolution
		{2B4457F3-31D5-49A1-9D4F-4CA29EB4271A}.Debug|Any CPU.ActiveCfg = Debug|Any CPU
		{2B4457F3-31D5-49A1-9D4F-4CA29EB4271A}.Debug|Any CPU.Build.0 = Debug|Any CPU
		{2B4457F3-31D5-49A1-9D4F-4CA29EB4271A}.Release|Any CPU.ActiveCfg = Release|Any CPU
		{2B4457F3-31D5-49A1-9D4F-4CA29EB4271A}.Release|Any CPU.Build.0 = Release|Any CPU
		{6E91D1AE-E899-405D-9DA3-DF76930A7679}.Debug|Any CPU.ActiveCfg = Debug|Any CPU
		{6E91D1AE-E899-405D-9DA3-DF76930A7679}.Debug|Any CPU.Build.0 = Debug|Any CPU
		{6E91D1AE-E899-405D-9DA3-DF76930A7679}.Release|Any CPU.ActiveCfg = Release|Any CPU
		{6E91D1AE-E899-405D-9DA3-DF76930A7679}.Release|Any CPU.Build.0 = Release|Any CPU
		{8A030742-9147-47FA-B87F-9FCB500521FF}.Debug|Any CPU.ActiveCfg = Debug|Any CPU
		{8A030742-9147-47FA-B87F-9FCB500521FF}.Debug|Any CPU.Build.0 = Debug|Any CPU
		{8A030742-9147-47FA-B87F-9FCB500521FF}.Release|Any CPU.ActiveCfg = Release|Any CPU
		{8A030742-9147-47FA-B87F-9FCB500521FF}.Release|Any CPU.Build.0 = Release|Any CPU
	EndGlobalSection
	GlobalSection(SolutionProperties) = preSolution
		HideSolutionNode = FALSE
	EndGlobalSection
EndGlobal
